
Microsoft Visual Studio Solution File, Format Version 12.00
# Visual Studio Version 16
VisualStudioVersion = 16.0.33423.256
MinimumVisualStudioVersion = 10.0.40219.1
Project("{8BC9CEB8-8B4A-11D0-8D11-00A0C91BC942}") = "DSC_SVC_REMOTE", "DSC_SVC_REMOTE\DSC_SVC_REMOTE.vcxproj", "{214CBBD5-E5CE-43E8-BA21-A9855B14B666}"
EndProject
Global
	GlobalSection(SolutionConfigurationPlatforms) = preSolution
		Debug|x64 = Debug|x64
		Debug|x86 = Debug|x86
		Release|x64 = Release|x64
		Release|x86 = Release|x86
	EndGlobalSection
	GlobalSection(ProjectConfigurationPlatforms) = postSolution
		{214CBBD5-E5CE-43E8-BA21-A9855B14B666}.Debug|x64.ActiveCfg = Debug|x64
		{214CBBD5-E5CE-43E8-BA21-A9855B14B666}.Debug|x64.Build.0 = Debug|x64
		{214CBBD5-E5CE-43E8-BA21-A9855B14B666}.Debug|x86.ActiveCfg = Debug|Win32
		{214CBBD5-E5CE-43E8-BA21-A9855B14B666}.Debug|x86.Build.0 = Debug|Win32
		{214CBBD5-E5CE-43E8-BA21-A9855B14B666}.Release|x64.ActiveCfg = Release|x64
		{214CBBD5-E5CE-43E8-BA21-A9855B14B666}.Release|x64.Build.0 = Release|x64
		{214CBBD5-E5CE-43E8-BA21-A9855B14B666}.Release|x86.ActiveCfg = Release|Win32
		{214CBBD5-E5CE-43E8-BA21-A9855B14B666}.Release|x86.Build.0 = Release|Win32
	EndGlobalSection
	GlobalSection(SolutionProperties) = preSolution
		HideSolutionNode = FALSE
	EndGlobalSection
	GlobalSection(ExtensibilityGlobals) = postSolution
		SolutionGuid = {DC2510AD-DD78-4C05-862A-698F6996238A}
	EndGlobalSection
EndGlobal
